{
  "lockfileVersion": 1,
  "configVersion": 1,
  "workspaces": {
    "": {
      "devDependencies": {
        "otpauth": "^9.5.0",
      },
    },
  },
  "packages": {
    "@noble/hashes": ["@noble/hashes@2.0.1", "", {}, "sha512-XlOlEbQcE9fmuXxrVTXCTlG2nlRXa9Rj3rr5Ue/+tX+nmkgbX720YHh0VR3hBF9xDvwnb8D2shVGOwNx+ulArw=="],

    "otpauth": ["otpauth@9.5.0", "", { "dependencies": { "@noble/hashes": "2.0.1" } }, "sha512-Ldhc6UYl4baR5toGr8nfKC+L/b8/RgHKoIixAebgoNGzUUCET02g04rMEZ2ZsPfeVQhMHcuaOgb28nwMr81zCA=="],
  }
}
